
Microsoft Visual Studio Solution File, Format Version 12.00
# Visual Studio Version 17
VisualStudioVersion = 17.7.34221.43
MinimumVisualStudioVersion = 10.0.40219.1
Project("{FAE04EC0-301F-11D3-BF4B-00C04F79EFBC}") = "GeometryLib", "GeometryLib\GeometryLib.csproj", "{A71FFA6B-ECF4-4D08-9800-881EED08C1E4}"
EndProject
Project("{FAE04EC0-301F-11D3-BF4B-00C04F79EFBC}") = "TestGeometry", "TestGeometry\TestGeometry.csproj", "{BD6CFDDF-84A7-493F-B6AC-53B6B29F9547}"
EndProject
Global
	GlobalSection(SolutionConfigurationPlatforms) = preSolution
		Debug|Any CPU = Debug|Any CPU
		Release|Any CPU = Release|Any CPU
	EndGlobalSection
	GlobalSection(ProjectConfigurationPlatforms) = postSolution
		{A71FFA6B-ECF4-4D08-9800-881EED08C1E4}.Debug|Any CPU.ActiveCfg = Debug|Any CPU
		{A71FFA6B-ECF4-4D08-9800-881EED08C1E4}.Debug|Any CPU.Build.0 = Debug|Any CPU
		{A71FFA6B-ECF4-4D08-9800-881EED08C1E4}.Release|Any CPU.ActiveCfg = Release|Any CPU
		{A71FFA6B-ECF4-4D08-9800-881EED08C1E4}.Release|Any CPU.Build.0 = Release|Any CPU
		{BD6CFDDF-84A7-493F-B6AC-53B6B29F9547}.Debug|Any CPU.ActiveCfg = Debug|Any CPU
		{BD6CFDDF-84A7-493F-B6AC-53B6B29F9547}.Debug|Any CPU.Build.0 = Debug|Any CPU
		{BD6CFDDF-84A7-493F-B6AC-53B6B29F9547}.Release|Any CPU.ActiveCfg = Release|Any CPU
		{BD6CFDDF-84A7-493F-B6AC-53B6B29F9547}.Release|Any CPU.Build.0 = Release|Any CPU
	EndGlobalSection
	GlobalSection(SolutionProperties) = preSolution
		HideSolutionNode = FALSE
	EndGlobalSection
	GlobalSection(ExtensibilityGlobals) = postSolution
		SolutionGuid = {EE602FD2-9FA8-4F16-88F0-00605B386473}
	EndGlobalSection
EndGlobal
